PODS:
  - boost (1.51.0):
    - boost/graph-includes (= 1.51.0)
    - boost/math-includes (= 1.51.0)
    - boost/numeric-includes (= 1.51.0)
    - boost/pointer_cast-includes (= 1.51.0)
    - boost/preprocessor-includes (= 1.51.0)
    - boost/shared_ptr-includes (= 1.51.0)
    - boost/string_algorithms-includes (= 1.51.0)
  - boost/graph-includes (1.51.0)
  - boost/math-includes (1.51.0)
  - boost/numeric-includes (1.51.0)
  - boost/pointer_cast-includes (1.51.0)
  - boost/preprocessor-includes (1.51.0)
  - boost/shared_ptr-includes (1.51.0)
  - boost/string_algorithms-includes (1.51.0)
  - GDLiveStreaming (0.1.0):
    - GPUImage (~> 0.1)
    - VideoCore (~> 0.3)
  - glm (0.9.7.1)
  - GPUImage (0.1.7)
  - UriParser-cpp (0.1.3)
  - VideoCore (0.3.2):
    - boost (~> 1.51.0)
    - glm (~> 0.9)
    - UriParser-cpp (~> 0.1.3)

DEPENDENCIES:
  - GDLiveStreaming (from `../`)
  - glm (from `https://github.com/maxcampolo/glm.git`)
  - VideoCore (from `../VideoCore`)

EXTERNAL SOURCES:
  GDLiveStreaming:
    :path: ../
  glm:
    :git: https://github.com/maxcampolo/glm.git
  VideoCore:
    :path: ../VideoCore

CHECKOUT OPTIONS:
  glm:
    :commit: 2cfe1129de430e4b23e811c5e0800989283af224
    :git: https://github.com/maxcampolo/glm.git

SPEC CHECKSUMS:
  boost: 6c5c8d8daef26ac83c1e1c00ad14de62b80161d7
  GDLiveStreaming: e0391d442eeb7a4e02b277635e10ecd482403ea0
  glm: e83c95e7a6359bdaeb23e6089ac826dd62c5c09f
  GPUImage: 733a5f0fab92df9de1c37ba9df520a833ccb406d
  UriParser-cpp: cbbe00080ee432ec4833dca863a7fc83adc9b01a
  VideoCore: a0d0392c9179a8aafbaf6c9e0278706c8ecb4d1a

PODFILE CHECKSUM: 9ff98c6ad69eb1113712aada98a0a47fe433dca6

COCOAPODS: 1.0.0.rc.2
